// !$*UTF8*$!
{
	archiveVersion = 1;
	classes = {
	};
	objectVersion = 52;
	objects = {

/* Begin PBXBuildFile section */
		0D0C9347B5914668B48FE381 /* Pods_Parstagram.framework in Frameworks */ = {isa = PBXBuildFile; fileRef = DE1E1CD621242502546BEE61 /* Pods_Parstagram.framework */; };
		50201F5C272CA1C60028BFE8 /* CommentTableViewCell.swift in Sources */ = {isa = PBXBuildFile; fileRef = 50201F5B272CA1C60028BFE8 /* CommentTableViewCell.swift */; };
		50208B7B271B3A94007ACD97 /* AppDelegate.swift in Sources */ = {isa = PBXBuildFile; fileRef = 50208B7A271B3A94007ACD97 /* AppDelegate.swift */; };
		50208B7D271B3A94007ACD97 /* SceneDelegate.swift in Sources */ = {isa = PBXBuildFile; fileRef = 50208B7C271B3A94007ACD97 /* SceneDelegate.swift */; };
		50208B7F271B3A94007ACD97 /* ViewController.swift in Sources */ = {isa = PBXBuildFile; fileRef = 50208B7E271B3A94007ACD97 /* ViewController.swift */; };
		50208B82271B3A94007ACD97 /* Main.storyboard in Resources */ = {isa = PBXBuildFile; fileRef = 50208B80271B3A94007ACD97 /* Main.storyboard */; };
		50208B84271B3A96007ACD97 /* Assets.xcassets in Resources */ = {isa = PBXBuildFile; fileRef = 50208B83271B3A96007ACD97 /* Assets.xcassets */; };
		50208B87271B3A96007ACD97 /* LaunchScreen.storyboard in Resources */ = {isa = PBXBuildFile; fileRef = 50208B85271B3A96007ACD97 /* LaunchScreen.storyboard */; };
		50208B90271B3BF9007ACD97 /* AlamofireImage in Frameworks */ = {isa = PBXBuildFile; productRef = 50208B8F271B3BF9007ACD97 /* AlamofireImage */; };
		50C7FF13271B3F3D00491387 /* LoginViewController.swift in Sources */ = {isa = PBXBuildFile; fileRef = 50C7FF12271B3F3D00491387 /* LoginViewController.swift */; };
		50C7FF15271B3F5000491387 /* FeedViewController.swift in Sources */ = {isa = PBXBuildFile; fileRef = 50C7FF14271B3F5000491387 /* FeedViewController.swift */; };
		50C7FF17271B83D700491387 /* CameraViewController.swift in Sources */ = {isa = PBXBuildFile; fileRef = 50C7FF16271B83D700491387 /* CameraViewController.swift */; };
		50C7FF19271BA70B00491387 /* PostCell.swift in Sources */ = {isa = PBXBuildFile; fileRef = 50C7FF18271BA70B00491387 /* PostCell.swift */; };
/* End PBXBuildFile section */

/* Begin PBXFileReference section */
		19E1B75AECB5176013831E57 /* Pods-Parstagram.debug.xcconfig */ = {isa = PBXFileReference; includeInIndex = 1; lastKnownFileType = text.xcconfig; name = "Pods-Parstagram.debug.xcconfig"; path = "Target Support Files/Pods-Parstagram/Pods-Parstagram.debug.xcconfig"; sourceTree = "<group>"; };
		50201F5B272CA1C60028BFE8 /* CommentTableViewCell.swift */ = {isa = PBXFileReference; lastKnownFileType = sourcecode.swift; path = CommentTableViewCell.swift; sourceTree = "<group>"; };
		50208B77271B3A94007ACD97 /* Parstagram.app */ = {isa = PBXFileReference; explicitFileType = wrapper.application; includeInIndex = 0; path = Parstagram.app; sourceTree = BUILT_PRODUCTS_DIR; };
		50208B7A271B3A94007ACD97 /* AppDelegate.swift */ = {isa = PBXFileReference; lastKnownFileType = sourcecode.swift; path = AppDelegate.swift; sourceTree = "<group>"; };
		50208B7C271B3A94007ACD97 /* SceneDelegate.swift */ = {isa = PBXFileReference; lastKnownFileType = sourcecode.swift; path = SceneDelegate.swift; sourceTree = "<group>"; };
		50208B7E271B3A94007ACD97 /* ViewController.swift */ = {isa = PBXFileReference; lastKnownFileType = sourcecode.swift; path = ViewController.swift; sourceTree = "<group>"; };
		50208B81271B3A94007ACD97 /* Base */ = {isa = PBXFileReference; lastKnownFileType = file.storyboard; name = Base; path = Base.lproj/Main.storyboard; sourceTree = "<group>"; };
		50208B83271B3A96007ACD97 /* Assets.xcassets */ = {isa = PBXFileReference; lastKnownFileType = folder.assetcatalog; path = Assets.xcassets; sourceTree = "<group>"; };
		50208B86271B3A96007ACD97 /* Base */ = {isa = PBXFileReference; lastKnownFileType = file.storyboard; name = Base; path = Base.lproj/LaunchScreen.storyboard; sourceTree = "<group>"; };
		50208B88271B3A96007ACD97 /* Info.plist */ = {isa = PBXFileReference; lastKnownFileType = text.plist.xml; path = Info.plist; sourceTree = "<group>"; };
		50C7FF12271B3F3D00491387 /* LoginViewController.swift */ = {isa = PBXFileReference; lastKnownFileType = sourcecode.swift; path = LoginViewController.swift; sourceTree = "<group>"; };
		50C7FF14271B3F5000491387 /* FeedViewController.swift */ = {isa = PBXFileReference; lastKnownFileType = sourcecode.swift; path = FeedViewController.swift; sourceTree = "<group>"; };
		50C7FF16271B83D700491387 /* CameraViewController.swift */ = {isa = PBXFileReference; lastKnownFileType = sourcecode.swift; path = CameraViewController.swift; sourceTree = "<group>"; };
		50C7FF18271BA70B00491387 /* PostCell.swift */ = {isa = PBXFileReference; lastKnownFileType = sourcecode.swift; path = PostCell.swift; sourceTree = "<group>"; };
		BEFC006E53F800F4C6A70ADB /* Pods-Parstagram.release.xcconfig */ = {isa = PBXFileReference; includeInIndex = 1; lastKnownFileType = text.xcconfig; name = "Pods-Parstagram.release.xcconfig"; path = "Target Support Files/Pods-Parstagram/Pods-Parstagram.release.xcconfig"; sourceTree = "<group>"; };
		DE1E1CD621242502546BEE61 /* Pods_Parstagram.framework */ = {isa = PBXFileReference; explicitFileType = wrapper.framework; includeInIndex = 0; path = Pods_Parstagram.framework; sourceTree = BUILT_PRODUCTS_DIR; };
/* End PBXFileReference section */

/* Begin PBXFrameworksBuildPhase section */
		50208B74271B3A94007ACD97 /* Frameworks */ = {
			isa = PBXFrameworksBuildPhase;
			buildActionMask = 2147483647;
			files = (
				50208B90271B3BF9007ACD97 /* AlamofireImage in Frameworks */,
				0D0C9347B5914668B48FE381 /* Pods_Parstagram.framework in Frameworks */,
			);
			runOnlyForDeploymentPostprocessing = 0;
		};
/* End PBXFrameworksBuildPhase section */

/* Begin PBXGroup section */
		49CF237F3367120641E775A2 /* Frameworks */ = {
			isa = PBXGroup;
			children = (
				DE1E1CD621242502546BEE61 /* Pods_Parstagram.framework */,
			);
			name = Frameworks;
			sourceTree = "<group>";
		};
		50208B6E271B3A93007ACD97 = {
			isa = PBXGroup;
			children = (
				50208B79271B3A94007ACD97 /* Parstagram */,
				50208B78271B3A94007ACD97 /* Products */,
				BFA7F516BC37BB2F12DBD38D /* Pods */,
				49CF237F3367120641E775A2 /* Frameworks */,
			);
			sourceTree = "<group>";
		};
		50208B78271B3A94007ACD97 /* Products */ = {
			isa = PBXGroup;
			children = (
				50208B77271B3A94007ACD97 /* Parstagram.app */,
			);
			name = Products;
			sourceTree = "<group>";
		};
		50208B79271B3A94007ACD97 /* Parstagram */ = {
			isa = PBXGroup;
			children = (
				50208B7A271B3A94007ACD97 /* AppDelegate.swift */,
				50208B7C271B3A94007ACD97 /* SceneDelegate.swift */,
				50208B7E271B3A94007ACD97 /* ViewController.swift */,
				50208B80271B3A94007ACD97 /* Main.storyboard */,
				50208B83271B3A96007ACD97 /* Assets.xcassets */,
				50208B85271B3A96007ACD97 /* LaunchScreen.storyboard */,
				50208B88271B3A96007ACD97 /* Info.plist */,
				50C7FF12271B3F3D00491387 /* LoginViewController.swift */,
				50C7FF14271B3F5000491387 /* FeedViewController.swift */,
				50C7FF16271B83D700491387 /* CameraViewController.swift */,
				50C7FF18271BA70B00491387 /* PostCell.swift */,
				50201F5B272CA1C60028BFE8 /* CommentTableViewCell.swift */,
			);
			path = Parstagram;
			sourceTree = "<group>";
		};
		BFA7F516BC37BB2F12DBD38D /* Pods */ = {
			isa = PBXGroup;
			children = (
				19E1B75AECB5176013831E57 /* Pods-Parstagram.debug.xcconfig */,
				BEFC006E53F800F4C6A70ADB /* Pods-Parstagram.release.xcconfig */,
			);
			path = Pods;
			sourceTree = "<group>";
		};
/* End PBXGroup section */

/* Begin PBXNativeTarget section */
		50208B76271B3A94007ACD97 /* Parstagram */ = {
			isa = PBXNativeTarget;
			buildConfigurationList = 50208B8B271B3A96007ACD97 /* Build configuration list for PBXNativeTarget "Parstagram" */;
			buildPhases = (
				84D32DE7371E5C4EC583CFF3 /* [CP] Check Pods Manifest.lock */,
				50208B73271B3A94007ACD97 /* Sources */,
				50208B74271B3A94007ACD97 /* Frameworks */,
				50208B75271B3A94007ACD97 /* Resources */,
				665154E5412E30EAA4AE573C /* [CP] Embed Pods Frameworks */,
			);
			buildRules = (
			);
			dependencies = (
			);
			name = Parstagram;
			packageProductDependencies = (
				50208B8F271B3BF9007ACD97 /* AlamofireImage */,
			);
			productName = Parstagram;
			productReference = 50208B77271B3A94007ACD97 /* Parstagram.app */;
			productType = "com.apple.product-type.application";
		};
/* End PBXNativeTarget section */

/* Begin PBXProject section */
		50208B6F271B3A93007ACD97 /* Project object */ = {
			isa = PBXProject;
			attributes = {
				LastSwiftUpdateCheck = 1250;
				LastUpgradeCheck = 1250;
				TargetAttributes = {
					50208B76271B3A94007ACD97 = {
						CreatedOnToolsVersion = 12.5.1;
					};
				};
			};
			buildConfigurationList = 50208B72271B3A93007ACD97 /* Build configuration list for PBXProject "Parstagram" */;
			compatibilityVersion = "Xcode 9.3";
			developmentRegion = en;
			hasScannedForEncodings = 0;
			knownRegions = (
				en,
				Base,
			);
			mainGroup = 50208B6E271B3A93007ACD97;
			packageReferences = (
				50208B8E271B3BF9007ACD97 /* XCRemoteSwiftPackageReference "AlamofireImage" */,
			);
			productRefGroup = 50208B78271B3A94007ACD97 /* Products */;
			projectDirPath = "";
			projectRoot = "";
			targets = (
				50208B76271B3A94007ACD97 /* Parstagram */,
			);
		};
/* End PBXProject section */

/* Begin PBXResourcesBuildPhase section */
		50208B75271B3A94007ACD97 /* Resources */ = {
			isa = PBXResourcesBuildPhase;
			buildActionMask = 2147483647;
			files = (
				50208B87271B3A96007ACD97 /* LaunchScreen.storyboard in Resources */,
				50208B84271B3A96007ACD97 /* Assets.xcassets in Resources */,
				50208B82271B3A94007ACD97 /* Main.storyboard in Resources */,
			);
			runOnlyForDeploymentPostprocessing = 0;
		};
/* End PBXResourcesBuildPhase section */

/* Begin PBXShellScriptBuildPhase section */
		665154E5412E30EAA4AE573C /* [CP] Embed Pods Frameworks */ = {
			isa = PBXShellScriptBuildPhase;
			buildActionMask = 2147483647;
			files = (
			);
			inputFileListPaths = (
				"${PODS_ROOT}/Target Support Files/Pods-Parstagram/Pods-Parstagram-frameworks-${CONFIGURATION}-input-files.xcfilelist",
			);
			name = "[CP] Embed Pods Frameworks";
			outputFileListPaths = (
				"${PODS_ROOT}/Target Support Files/Pods-Parstagram/Pods-Parstagram-frameworks-${CONFIGURATION}-output-files.xcfilelist",
			);
			runOnlyForDeploymentPostprocessing = 0;
			shellPath = /bin/sh;
			shellScript = "\"${PODS_ROOT}/Target Support Files/Pods-Parstagram/Pods-Parstagram-frameworks.sh\"\n";
			showEnvVarsInLog = 0;
		};
		84D32DE7371E5C4EC583CFF3 /* [CP] Check Pods Manifest.lock */ = {
			isa = PBXShellScriptBuildPhase;
			buildActionMask = 2147483647;
			files = (
			);
			inputFileListPaths = (
			);
			inputPaths = (
				"${PODS_PODFILE_DIR_PATH}/Podfile.lock",
				"${PODS_ROOT}/Manifest.lock",
			);
			name = "[CP] Check Pods Manifest.lock";
			outputFileListPaths = (
			);
			outputPaths = (
				"$(DERIVED_FILE_DIR)/Pods-Parstagram-checkManifestLockResult.txt",
			);
			runOnlyForDeploymentPostprocessing = 0;
			shellPath = /bin/sh;
			shellScript = "diff \"${PODS_PODFILE_DIR_PATH}/Podfile.lock\" \"${PODS_ROOT}/Manifest.lock\" > /dev/null\nif [ $? != 0 ] ; then\n    # print error to STDERR\n    echo \"error: The sandbox is not in sync with the Podfile.lock. Run 'pod install' or update your CocoaPods installation.\" >&2\n    exit 1\nfi\n# This output is used by Xcode 'outputs' to avoid re-running this script phase.\necho \"SUCCESS\" > \"${SCRIPT_OUTPUT_FILE_0}\"\n";
			showEnvVarsInLog = 0;
		};
/* End PBXShellScriptBuildPhase section */

/* Begin PBXSourcesBuildPhase section */
		50208B73271B3A94007ACD97 /* Sources */ = {
			isa = PBXSourcesBuildPhase;
			buildActionMask = 2147483647;
			files = (
				50C7FF19271BA70B00491387 /* PostCell.swift in Sources */,
				50C7FF13271B3F3D00491387 /* LoginViewController.swift in Sources */,
				50208B7F271B3A94007ACD97 /* ViewController.swift in Sources */,
				50201F5C272CA1C60028BFE8 /* CommentTableViewCell.swift in Sources */,
				50C7FF15271B3F5000491387 /* FeedViewController.swift in Sources */,
				50208B7B271B3A94007ACD97 /* AppDelegate.swift in Sources */,
				50208B7D271B3A94007ACD97 /* SceneDelegate.swift in Sources */,
				50C7FF17271B83D700491387 /* CameraViewController.swift in Sources */,
			);
			runOnlyForDeploymentPostprocessing = 0;
		};
/* End PBXSourcesBuildPhase section */

/* Begin PBXVariantGroup section */
		50208B80271B3A94007ACD97 /* Main.storyboard */ = {
			isa = PBXVariantGroup;
			children = (
				50208B81271B3A94007ACD97 /* Base */,
			);
			name = Main.storyboard;
			sourceTree = "<group>";
		};
		50208B85271B3A96007ACD97 /* LaunchScreen.storyboard */ = {
			isa = PBXVariantGroup;
			children = (
				50208B86271B3A96007ACD97 /* Base */,
			);
			name = LaunchScreen.storyboard;
			sourceTree = "<group>";
		};
/* End PBXVariantGroup section */

/* Begin XCBuildConfiguration section */
		50208B89271B3A96007ACD97 /* Debug */ = {
			isa = XCBuildConfiguration;
			buildSettings = {
				ALWAYS_SEARCH_USER_PATHS = NO;
				CLANG_ANALYZER_NONNULL = YES;
				CLANG_ANALYZER_NUMBER_OBJECT_CONVERSION = YES_AGGRESSIVE;
				CLANG_CXX_LANGUAGE_STANDARD = "gnu++14";
				CLANG_CXX_LIBRARY = "libc++";
				CLANG_ENABLE_MODULES = YES;
				CLANG_ENABLE_OBJC_ARC = YES;
				CLANG_ENABLE_OBJC_WEAK = YES;
				CLANG_WARN_BLOCK_CAPTURE_AUTORELEASING = YES;
				CLANG_WARN_BOOL_CONVERSION = YES;
				CLANG_WARN_COMMA = YES;
				CLANG_WARN_CONSTANT_CONVERSION = YES;
				CLANG_WARN_DEPRECATED_OBJC_IMPLEMENTATIONS = YES;
				CLANG_WARN_DIRECT_OBJC_ISA_USAGE = YES_ERROR;
				CLANG_WARN_DOCUMENTATION_COMMENTS = YES;
				CLANG_WARN_EMPTY_BODY = YES;
				CLANG_WARN_ENUM_CONVERSION = YES;
				CLANG_WARN_INFINITE_RECURSION = YES;
				CLANG_WARN_INT_CONVERSION = YES;
				CLANG_WARN_NON_LITERAL_NULL_CONVERSION = YES;
				CLANG_WARN_OBJC_IMPLICIT_RETAIN_SELF = YES;
				CLANG_WARN_OBJC_LITERAL_CONVERSION = YES;
				CLANG_WARN_OBJC_ROOT_CLASS = YES_ERROR;
				CLANG_WARN_QUOTED_INCLUDE_IN_FRAMEWORK_HEADER = YES;
				CLANG_WARN_RANGE_LOOP_ANALYSIS = YES;
				CLANG_WARN_STRICT_PROTOTYPES = YES;
				CLANG_WARN_SUSPICIOUS_MOVE = YES;
				CLANG_WARN_UNGUARDED_AVAILABILITY = YES_AGGRESSIVE;
				CLANG_WARN_UNREACHABLE_CODE = YES;
				CLANG_WARN__DUPLICATE_METHOD_MATCH = YES;
				COPY_PHASE_STRIP = NO;
				DEBUG_INFORMATION_FORMAT = dwarf;
				ENABLE_STRICT_OBJC_MSGSEND = YES;
				ENABLE_TESTABILITY = YES;
				GCC_C_LANGUAGE_STANDARD = gnu11;
				GCC_DYNAMIC_NO_PIC = NO;
				GCC_NO_COMMON_BLOCKS = YES;
				GCC_OPTIMIZATION_LEVEL = 0;
				GCC_PREPROCESSOR_DEFINITIONS = (
					"DEBUG=1",
					"$(inherited)",
				);
				GCC_WARN_64_TO_32_BIT_CONVERSION = YES;
				GCC_WARN_ABOUT_RETURN_TYPE = YES_ERROR;
				GCC_WARN_UNDECLARED_SELECTOR = YES;
				GCC_WARN_UNINITIALIZED_AUTOS = YES_AGGRESSIVE;
				GCC_WARN_UNUSED_FUNCTION = YES;
				GCC_WARN_UNUSED_VARIABLE = YES;
				IPHONEOS_DEPLOYMENT_TARGET = 14.5;
				MTL_ENABLE_DEBUG_INFO = INCLUDE_SOURCE;
				MTL_FAST_MATH = YES;
				ONLY_ACTIVE_ARCH = YES;
				SDKROOT = iphoneos;
				SWIFT_ACTIVE_COMPILATION_CONDITIONS = DEBUG;
				SWIFT_OPTIMIZATION_LEVEL = "-Onone";
			};
			name = Debug;
		};
		50208B8A271B3A96007ACD97 /* Release */ = {
			isa = XCBuildConfiguration;
			buildSettings = {
				ALWAYS_SEARCH_USER_PATHS = NO;
				CLANG_ANALYZER_NONNULL = YES;
				CLANG_ANALYZER_NUMBER_OBJECT_CONVERSION = YES_AGGRESSIVE;
				CLANG_CXX_LANGUAGE_STANDARD = "gnu++14";
				CLANG_CXX_LIBRARY = "libc++";
				CLANG_ENABLE_MODULES = YES;
				CLANG_ENABLE_OBJC_ARC = YES;
				CLANG_ENABLE_OBJC_WEAK = YES;
				CLANG_WARN_BLOCK_CAPTURE_AUTORELEASING = YES;
				CLANG_WARN_BOOL_CONVERSION = YES;
				CLANG_WARN_COMMA = YES;
				CLANG_WARN_CONSTANT_CONVERSION = YES;
				CLANG_WARN_DEPRECATED_OBJC_IMPLEMENTATIONS = YES;
				CLANG_WARN_DIRECT_OBJC_ISA_USAGE = YES_ERROR;
				CLANG_WARN_DOCUMENTATION_COMMENTS = YES;
				CLANG_WARN_EMPTY_BODY = YES;
				CLANG_WARN_ENUM_CONVERSION = YES;
				CLANG_WARN_INFINITE_RECURSION = YES;
				CLANG_WARN_INT_CONVERSION = YES;
				CLANG_WARN_NON_LITERAL_NULL_CONVERSION = YES;
				CLANG_WARN_OBJC_IMPLICIT_RETAIN_SELF = YES;
				CLANG_WARN_OBJC_LITERAL_CONVERSION = YES;
				CLANG_WARN_OBJC_ROOT_CLASS = YES_ERROR;
				CLANG_WARN_QUOTED_INCLUDE_IN_FRAMEWORK_HEADER = YES;
				CLANG_WARN_RANGE_LOOP_ANALYSIS = YES;
				CLANG_WARN_STRICT_PROTOTYPES = YES;
				CLANG_WARN_SUSPICIOUS_MOVE = YES;
				CLANG_WARN_UNGUARDED_AVAILABILITY = YES_AGGRESSIVE;
				CLANG_WARN_UNREACHABLE_CODE = YES;
				CLANG_WARN__DUPLICATE_METHOD_MATCH = YES;
				COPY_PHASE_STRIP = NO;
				DEBUG_INFORMATION_FORMAT = "dwarf-with-dsym";
				ENABLE_NS_ASSERTIONS = NO;
				ENABLE_STRICT_OBJC_MSGSEND = YES;
				GCC_C_LANGUAGE_STANDARD = gnu11;
				GCC_NO_COMMON_BLOCKS = YES;
				GCC_WARN_64_TO_32_BIT_CONVERSION = YES;
				GCC_WARN_ABOUT_RETURN_TYPE = YES_ERROR;
				GCC_WARN_UNDECLARED_SELECTOR = YES;
				GCC_WARN_UNINITIALIZED_AUTOS = YES_AGGRESSIVE;
				GCC_WARN_UNUSED_FUNCTION = YES;
				GCC_WARN_UNUSED_VARIABLE = YES;
				IPHONEOS_DEPLOYMENT_TARGET = 14.5;
				MTL_ENABLE_DEBUG_INFO = NO;
				MTL_FAST_MATH = YES;
				SDKROOT = iphoneos;
				SWIFT_COMPILATION_MODE = wholemodule;
				SWIFT_OPTIMIZATION_LEVEL = "-O";
				VALIDATE_PRODUCT = YES;
			};
			name = Release;
		};
		50208B8C271B3A96007ACD97 /* Debug */ = {
			isa = XCBuildConfiguration;
			baseConfigurationReference = 19E1B75AECB5176013831E57 /* Pods-Parstagram.debug.xcconfig */;
			buildSettings = {
				ASSETCATALOG_COMPILER_APPICON_NAME = AppIcon;
				ASSETCATALOG_COMPILER_GLOBAL_ACCENT_COLOR_NAME = AccentColor;
				CODE_SIGN_STYLE = Automatic;
				DEVELOPMENT_TEAM = QXKA8XYU5Z;
				INFOPLIST_FILE = Parstagram/Info.plist;
				LD_RUNPATH_SEARCH_PATHS = (
					"$(inherited)",
					"@executable_path/Frameworks",
				);
				PRODUCT_BUNDLE_IDENTIFIER = com.sashank.Parstagram;
				PRODUCT_NAME = "$(TARGET_NAME)";
				SWIFT_VERSION = 5.0;
				TARGETED_DEVICE_FAMILY = "1,2";
			};
			name = Debug;
		};
		50208B8D271B3A96007ACD97 /* Release */ = {
			isa = XCBuildConfiguration;
			baseConfigurationReference = BEFC006E53F800F4C6A70ADB /* Pods-Parstagram.release.xcconfig */;
			buildSettings = {
				ASSETCATALOG_COMPILER_APPICON_NAME = AppIcon;
				ASSETCATALOG_COMPILER_GLOBAL_ACCENT_COLOR_NAME = AccentColor;
				CODE_SIGN_STYLE = Automatic;
				DEVELOPMENT_TEAM = QXKA8XYU5Z;
				INFOPLIST_FILE = Parstagram/Info.plist;
				LD_RUNPATH_SEARCH_PATHS = (
					"$(inherited)",
					"@executable_path/Frameworks",
				);
				PRODUCT_BUNDLE_IDENTIFIER = com.sashank.Parstagram;
				PRODUCT_NAME = "$(TARGET_NAME)";
				SWIFT_VERSION = 5.0;
				TARGETED_DEVICE_FAMILY = "1,2";
			};
			name = Release;
		};
/* End XCBuildConfiguration section */

/* Begin XCConfigurationList section */
		50208B72271B3A93007ACD97 /* Build configuration list for PBXProject "Parstagram" */ = {
			isa = XCConfigurationList;
			buildConfigurations = (
				50208B89271B3A96007ACD97 /* Debug */,
				50208B8A271B3A96007ACD97 /* Release */,
			);
			defaultConfigurationIsVisible = 0;
			defaultConfigurationName = Release;
		};
		50208B8B271B3A96007ACD97 /* Build configuration list for PBXNativeTarget "Parstagram" */ = {
			isa = XCConfigurationList;
			buildConfigurations = (
				50208B8C271B3A96007ACD97 /* Debug */,
				50208B8D271B3A96007ACD97 /* Release */,
			);
			defaultConfigurationIsVisible = 0;
			defaultConfigurationName = Release;
		};
/* End XCConfigurationList section */

/* Begin XCRemoteSwiftPackageReference section */
		50208B8E271B3BF9007ACD97 /* XCRemoteSwiftPackageReference "AlamofireImage" */ = {
			isa = XCRemoteSwiftPackageReference;
			repositoryURL = "https://github.com/Alamofire/AlamofireImage";
			requirement = {
				kind = upToNextMajorVersion;
				minimumVersion = 4.2.0;
			};
		};
/* End XCRemoteSwiftPackageReference section */

/* Begin XCSwiftPackageProductDependency section */
		50208B8F271B3BF9007ACD97 /* AlamofireImage */ = {
			isa = XCSwiftPackageProductDependency;
			package = 50208B8E271B3BF9007ACD97 /* XCRemoteSwiftPackageReference "AlamofireImage" */;
			productName = AlamofireImage;
		};
/* End XCSwiftPackageProductDependency section */
	};
	rootObject = 50208B6F271B3A93007ACD97 /* Project object */;
}
